
Microsoft Visual Studio Solution File, Format Version 12.00
# Visual Studio Version 16
VisualStudioVersion = 16.0.29411.108
MinimumVisualStudioVersion = 10.0.40219.1
Project("{FAE04EC0-301F-11D3-BF4B-00C04F79EFBC}") = "WpfApp", "WpfApp\WpfApp.csproj", "{8826FC59-6AAF-47C9-8165-43E363262190}"
EndProject
Project("{FAE04EC0-301F-11D3-BF4B-00C04F79EFBC}") = "WpfAppTests", "WpfAppTests\WpfAppTests.csproj", "{46036FCE-BD21-459F-937C-6682020F9EE9}"
EndProject
Project("{9A19103F-16F7-4668-BE54-9A1E7A4F7556}") = "WebApiCore", "WebApiCore\WebApiCore.csproj", "{C81D6293-7D00-45D7-B6A8-8C83A852E94C}"
EndProject
Project("{FAE04EC0-301F-11D3-BF4B-00C04F79EFBC}") = "WebApiInterfaces", "WebApiInterfaces\WebApiInterfaces.csproj", "{BA14906A-D690-4027-9CD0-1B33B7A2EEA5}"
EndProject
Global
	GlobalSection(SolutionConfigurationPlatforms) = preSolution
		Debug|Any CPU = Debug|Any CPU
		Release|Any CPU = Release|Any CPU
	EndGlobalSection
	GlobalSection(ProjectConfigurationPlatforms) = postSolution
		{8826FC59-6AAF-47C9-8165-43E363262190}.Debug|Any CPU.ActiveCfg = Debug|Any CPU
		{8826FC59-6AAF-47C9-8165-43E363262190}.Debug|Any CPU.Build.0 = Debug|Any CPU
		{8826FC59-6AAF-47C9-8165-43E363262190}.Release|Any CPU.ActiveCfg = Release|Any CPU
		{8826FC59-6AAF-47C9-8165-43E363262190}.Release|Any CPU.Build.0 = Release|Any CPU
		{46036FCE-BD21-459F-937C-6682020F9EE9}.Debug|Any CPU.ActiveCfg = Debug|Any CPU
		{46036FCE-BD21-459F-937C-6682020F9EE9}.Debug|Any CPU.Build.0 = Debug|Any CPU
		{46036FCE-BD21-459F-937C-6682020F9EE9}.Release|Any CPU.ActiveCfg = Release|Any CPU
		{46036FCE-BD21-459F-937C-6682020F9EE9}.Release|Any CPU.Build.0 = Release|Any CPU
		{C81D6293-7D00-45D7-B6A8-8C83A852E94C}.Debug|Any CPU.ActiveCfg = Debug|Any CPU
		{C81D6293-7D00-45D7-B6A8-8C83A852E94C}.Debug|Any CPU.Build.0 = Debug|Any CPU
		{C81D6293-7D00-45D7-B6A8-8C83A852E94C}.Release|Any CPU.ActiveCfg = Release|Any CPU
		{C81D6293-7D00-45D7-B6A8-8C83A852E94C}.Release|Any CPU.Build.0 = Release|Any CPU
		{BA14906A-D690-4027-9CD0-1B33B7A2EEA5}.Debug|Any CPU.ActiveCfg = Debug|Any CPU
		{BA14906A-D690-4027-9CD0-1B33B7A2EEA5}.Debug|Any CPU.Build.0 = Debug|Any CPU
		{BA14906A-D690-4027-9CD0-1B33B7A2EEA5}.Release|Any CPU.ActiveCfg = Release|Any CPU
		{BA14906A-D690-4027-9CD0-1B33B7A2EEA5}.Release|Any CPU.Build.0 = Release|Any CPU
	EndGlobalSection
	GlobalSection(SolutionProperties) = preSolution
		HideSolutionNode = FALSE
	EndGlobalSection
	GlobalSection(ExtensibilityGlobals) = postSolution
		SolutionGuid = {C7C022C9-4C51-4F87-A4F7-C06BFFA6CF16}
	EndGlobalSection
EndGlobal
