
Microsoft Visual Studio Solution File, Format Version 12.00
# Visual Studio Version 16
VisualStudioVersion = 16.0.29411.108
MinimumVisualStudioVersion = 10.0.40219.1
Project("{FAE04EC0-301F-11D3-BF4B-00C04F79EFBC}") = "WpfAppMultiBuffer", "WpfAppMultiBuffer\WpfAppMultiBuffer.csproj", "{8826FC59-6AAF-47C9-8165-43E363262190}"
EndProject
Project("{FAE04EC0-301F-11D3-BF4B-00C04F79EFBC}") = "DAL", "DAL\DAL.csproj", "{291801FC-05BD-470E-96AC-56101E657EC3}"
EndProject
Project("{FAE04EC0-301F-11D3-BF4B-00C04F79EFBC}") = "WebApiMultiBuffer", "WebApiMultiBuffer\WebApiMultiBuffer.csproj", "{2AABFB03-4E21-4EB8-A518-91D9CA30803F}"
EndProject
Project("{FAE04EC0-301F-11D3-BF4B-00C04F79EFBC}") = "WpfAppMultiBufferTests", "WpfAppMultiBufferTests\WpfAppMultiBufferTests.csproj", "{46036FCE-BD21-459F-937C-6682020F9EE9}"
EndProject
Global
	GlobalSection(SolutionConfigurationPlatforms) = preSolution
		Debug|Any CPU = Debug|Any CPU
		Release|Any CPU = Release|Any CPU
	EndGlobalSection
	GlobalSection(ProjectConfigurationPlatforms) = postSolution
		{8826FC59-6AAF-47C9-8165-43E363262190}.Debug|Any CPU.ActiveCfg = Debug|Any CPU
		{8826FC59-6AAF-47C9-8165-43E363262190}.Debug|Any CPU.Build.0 = Debug|Any CPU
		{8826FC59-6AAF-47C9-8165-43E363262190}.Release|Any CPU.ActiveCfg = Release|Any CPU
		{8826FC59-6AAF-47C9-8165-43E363262190}.Release|Any CPU.Build.0 = Release|Any CPU
		{291801FC-05BD-470E-96AC-56101E657EC3}.Debug|Any CPU.ActiveCfg = Debug|Any CPU
		{291801FC-05BD-470E-96AC-56101E657EC3}.Debug|Any CPU.Build.0 = Debug|Any CPU
		{291801FC-05BD-470E-96AC-56101E657EC3}.Release|Any CPU.ActiveCfg = Release|Any CPU
		{291801FC-05BD-470E-96AC-56101E657EC3}.Release|Any CPU.Build.0 = Release|Any CPU
		{2AABFB03-4E21-4EB8-A518-91D9CA30803F}.Debug|Any CPU.ActiveCfg = Debug|Any CPU
		{2AABFB03-4E21-4EB8-A518-91D9CA30803F}.Debug|Any CPU.Build.0 = Debug|Any CPU
		{2AABFB03-4E21-4EB8-A518-91D9CA30803F}.Release|Any CPU.ActiveCfg = Release|Any CPU
		{2AABFB03-4E21-4EB8-A518-91D9CA30803F}.Release|Any CPU.Build.0 = Release|Any CPU
		{46036FCE-BD21-459F-937C-6682020F9EE9}.Debug|Any CPU.ActiveCfg = Debug|Any CPU
		{46036FCE-BD21-459F-937C-6682020F9EE9}.Debug|Any CPU.Build.0 = Debug|Any CPU
		{46036FCE-BD21-459F-937C-6682020F9EE9}.Release|Any CPU.ActiveCfg = Release|Any CPU
		{46036FCE-BD21-459F-937C-6682020F9EE9}.Release|Any CPU.Build.0 = Release|Any CPU
	EndGlobalSection
	GlobalSection(SolutionProperties) = preSolution
		HideSolutionNode = FALSE
	EndGlobalSection
	GlobalSection(ExtensibilityGlobals) = postSolution
		SolutionGuid = {C7C022C9-4C51-4F87-A4F7-C06BFFA6CF16}
	EndGlobalSection
EndGlobal
